
Microsoft Visual Studio Solution File, Format Version 12.00
# Visual Studio Version 17
VisualStudioVersion = 17.13.35919.96 d17.13
MinimumVisualStudioVersion = 10.0.40219.1
Project("{FAE04EC0-301F-11D3-BF4B-00C04F79EFBC}") = "FawryChallenge", "FawryChallenge.csproj", "{FBDB8B07-2DBA-414E-BC93-B9917C35830A}"
EndProject
Global
	GlobalSection(SolutionConfigurationPlatforms) = preSolution
		Debug|Any CPU = Debug|Any CPU
		Release|Any CPU = Release|Any CPU
	EndGlobalSection
	GlobalSection(ProjectConfigurationPlatforms) = postSolution
		{FBDB8B07-2DBA-414E-BC93-B9917C35830A}.Debug|Any CPU.ActiveCfg = Debug|Any CPU
		{FBDB8B07-2DBA-414E-BC93-B9917C35830A}.Debug|Any CPU.Build.0 = Debug|Any CPU
		{FBDB8B07-2DBA-414E-BC93-B9917C35830A}.Release|Any CPU.ActiveCfg = Release|Any CPU
		{FBDB8B07-2DBA-414E-BC93-B9917C35830A}.Release|Any CPU.Build.0 = Release|Any CPU
	EndGlobalSection
	GlobalSection(SolutionProperties) = preSolution
		HideSolutionNode = FALSE
	EndGlobalSection
	GlobalSection(ExtensibilityGlobals) = postSolution
		SolutionGuid = {18696FA8-4774-4607-92D8-26512158BCA9}
	EndGlobalSection
EndGlobal
